
Microsoft Visual Studio Solution File, Format Version 12.00
# Visual Studio Version 17
VisualStudioVersion = 17.13.35913.81
MinimumVisualStudioVersion = 10.0.40219.1
Project("{FAE04EC0-301F-11D3-BF4B-00C04F79EFBC}") = "PriceDataFetcher", "PriceDataFetcher\PriceDataFetcher.csproj", "{FA2AB21D-B31B-4317-84A0-216B5285DCBE}"
EndProject
Project("{FAE04EC0-301F-11D3-BF4B-00C04F79EFBC}") = "DataStorage", "DataStorage\DataStorage.csproj", "{7B4FBCE8-BD67-45EB-9D78-2336664044B6}"
EndProject
Project("{FAE04EC0-301F-11D3-BF4B-00C04F79EFBC}") = "DataStorageTests", "DataStorageTests\DataStorageTests.csproj", "{0F1F2DDD-EFA0-49F8-918E-B646B65A2F93}"
EndProject
Project("{FAE04EC0-301F-11D3-BF4B-00C04F79EFBC}") = "TryToRead", "TryToRead\TryToRead.csproj", "{271FCACB-4B15-4055-87C7-2CB774796D0D}"
EndProject
Project("{FAE04EC0-301F-11D3-BF4B-00C04F79EFBC}") = "SharedModels", "SharedModels\SharedModels.csproj", "{8017BF6A-C1D3-44AE-9EDE-6D9821C1A44A}"
EndProject
Global
	GlobalSection(SolutionConfigurationPlatforms) = preSolution
		Debug|Any CPU = Debug|Any CPU
		Release|Any CPU = Release|Any CPU
	EndGlobalSection
	GlobalSection(ProjectConfigurationPlatforms) = postSolution
		{FA2AB21D-B31B-4317-84A0-216B5285DCBE}.Debug|Any CPU.ActiveCfg = Debug|Any CPU
		{FA2AB21D-B31B-4317-84A0-216B5285DCBE}.Debug|Any CPU.Build.0 = Debug|Any CPU
		{FA2AB21D-B31B-4317-84A0-216B5285DCBE}.Release|Any CPU.ActiveCfg = Release|Any CPU
		{FA2AB21D-B31B-4317-84A0-216B5285DCBE}.Release|Any CPU.Build.0 = Release|Any CPU
		{7B4FBCE8-BD67-45EB-9D78-2336664044B6}.Debug|Any CPU.ActiveCfg = Debug|Any CPU
		{7B4FBCE8-BD67-45EB-9D78-2336664044B6}.Debug|Any CPU.Build.0 = Debug|Any CPU
		{7B4FBCE8-BD67-45EB-9D78-2336664044B6}.Release|Any CPU.ActiveCfg = Release|Any CPU
		{7B4FBCE8-BD67-45EB-9D78-2336664044B6}.Release|Any CPU.Build.0 = Release|Any CPU
		{0F1F2DDD-EFA0-49F8-918E-B646B65A2F93}.Debug|Any CPU.ActiveCfg = Debug|Any CPU
		{0F1F2DDD-EFA0-49F8-918E-B646B65A2F93}.Debug|Any CPU.Build.0 = Debug|Any CPU
		{0F1F2DDD-EFA0-49F8-918E-B646B65A2F93}.Release|Any CPU.ActiveCfg = Release|Any CPU
		{0F1F2DDD-EFA0-49F8-918E-B646B65A2F93}.Release|Any CPU.Build.0 = Release|Any CPU
		{271FCACB-4B15-4055-87C7-2CB774796D0D}.Debug|Any CPU.ActiveCfg = Debug|Any CPU
		{271FCACB-4B15-4055-87C7-2CB774796D0D}.Debug|Any CPU.Build.0 = Debug|Any CPU
		{271FCACB-4B15-4055-87C7-2CB774796D0D}.Release|Any CPU.ActiveCfg = Release|Any CPU
		{271FCACB-4B15-4055-87C7-2CB774796D0D}.Release|Any CPU.Build.0 = Release|Any CPU
		{8017BF6A-C1D3-44AE-9EDE-6D9821C1A44A}.Debug|Any CPU.ActiveCfg = Debug|Any CPU
		{8017BF6A-C1D3-44AE-9EDE-6D9821C1A44A}.Debug|Any CPU.Build.0 = Debug|Any CPU
		{8017BF6A-C1D3-44AE-9EDE-6D9821C1A44A}.Release|Any CPU.ActiveCfg = Release|Any CPU
		{8017BF6A-C1D3-44AE-9EDE-6D9821C1A44A}.Release|Any CPU.Build.0 = Release|Any CPU
	EndGlobalSection
	GlobalSection(SolutionProperties) = preSolution
		HideSolutionNode = FALSE
	EndGlobalSection
	GlobalSection(ExtensibilityGlobals) = postSolution
		SolutionGuid = {933C3B6B-FD67-4215-B2E6-C6FB0E65E9DF}
	EndGlobalSection
EndGlobal
